<?xml version="1.0" encoding="utf-8"?>
<Project ToolsVersion="4.0" xmlns="http://schemas.microsoft.com/developer/msbuild/2003">
  <ItemGroup>
    <ClInclude Include="GameEngineWindow.h" />
    <ClInclude Include="GameEngineWindowTexture.h" />
    <ClInclude Include="GameEngineInput.h" />
    <ClInclude Include="GameEngineSound.h" />
  </ItemGroup>
  <ItemGroup>
    <ClCompile Include="GameEngineWindow.cpp" />
    <ClCompile Include="GameEngineWindowTexture.cpp" />
    <ClCompile Include="GameEngineInput.cpp" />
    <ClCompile Include="GameEngineSound.cpp" />
  </ItemGroup>
  <ItemGroup>
    <Filter Include="FMOD">
      <UniqueIdentifier>{c5204b22-0aab-40e6-967c-034b94750d5f}</UniqueIdentifier>
    </Filter>
    <Filter Include="FMOD\Debug">
      <UniqueIdentifier>{98fae1de-6f8c-42a7-a316-d5737a1532bd}</UniqueIdentifier>
    </Filter>
    <Filter Include="FMOD\Release">
      <UniqueIdentifier>{15e2a2e3-8fae-4ea4-99c9-1bb6ac3528cd}</UniqueIdentifier>
    </Filter>
  </ItemGroup>
  <ItemGroup>
    <None Include="ThirdParty\FMOD\lib\x64\fmodL.dll">
      <Filter>FMOD\Debug</Filter>
    </None>
  </ItemGroup>
  <ItemGroup>
    <CopyFileToFolders Include="ThirdParty\FMOD\lib\x64\fmodL_vc.lib">
      <Filter>FMOD\Debug</Filter>
    </CopyFileToFolders>
    <CopyFileToFolders Include="ThirdParty\FMOD\lib\x64\fmod_vc.lib">
      <Filter>FMOD\Release</Filter>
    </CopyFileToFolders>
    <CopyFileToFolders Include="ThirdParty\FMOD\lib\x64\fmod.dll">
      <Filter>FMOD\Release</Filter>
    </CopyFileToFolders>
  </ItemGroup>
</Project>