<?xml version="1.0" encoding="utf-8"?>
<Project ToolsVersion="4.0" xmlns="http://schemas.microsoft.com/developer/msbuild/2003">
  <ItemGroup>
    <ClInclude Include="GameEngineCore.h" />
    <ClInclude Include="GameEngineActor.h">
      <Filter>Object</Filter>
    </ClInclude>
    <ClInclude Include="GameEngineLevel.h">
      <Filter>Object</Filter>
    </ClInclude>
    <ClInclude Include="GameEngineObject.h">
      <Filter>Object</Filter>
    </ClInclude>
    <ClInclude Include="ResourcesManager.h">
      <Filter>Resources</Filter>
    </ClInclude>
    <ClInclude Include="GameEngineRenderer.h">
      <Filter>Object\Rendering</Filter>
    </ClInclude>
    <ClInclude Include="GameEngineCamera.h">
      <Filter>Object\Rendering</Filter>
    </ClInclude>
    <ClInclude Include="GameEngineSprite.h">
      <Filter>Resources</Filter>
    </ClInclude>
    <ClInclude Include="GameEngineCollision.h">
      <Filter>Object\Collsion</Filter>
    </ClInclude>
    <ClInclude Include="GameEngineActorSubObject.h">
      <Filter>Object</Filter>
    </ClInclude>
    <ClInclude Include="TileMap.h">
      <Filter>Object\TileMap</Filter>
    </ClInclude>
  </ItemGroup>
  <ItemGroup>
    <ClCompile Include="GameEngineCore.cpp" />
    <ClCompile Include="GameEngineActor.cpp">
      <Filter>Object</Filter>
    </ClCompile>
    <ClCompile Include="GameEngineLevel.cpp">
      <Filter>Object</Filter>
    </ClCompile>
    <ClCompile Include="GameEngineObject.cpp">
      <Filter>Object</Filter>
    </ClCompile>
    <ClCompile Include="ResourcesManager.cpp">
      <Filter>Resources</Filter>
    </ClCompile>
    <ClCompile Include="GameEngineRenderer.cpp">
      <Filter>Object\Rendering</Filter>
    </ClCompile>
    <ClCompile Include="GameEngineCamera.cpp">
      <Filter>Object\Rendering</Filter>
    </ClCompile>
    <ClCompile Include="GameEngineSprite.cpp">
      <Filter>Resources</Filter>
    </ClCompile>
    <ClCompile Include="GameEngineCollision.cpp">
      <Filter>Object\Collsion</Filter>
    </ClCompile>
    <ClCompile Include="GameEngineActorSubObject.cpp">
      <Filter>Object</Filter>
    </ClCompile>
    <ClCompile Include="TileMap.cpp">
      <Filter>Object\TileMap</Filter>
    </ClCompile>
  </ItemGroup>
  <ItemGroup>
    <Filter Include="Object">
      <UniqueIdentifier>{f678ad04-e1c1-4a53-9275-6d9dd29b1cd3}</UniqueIdentifier>
    </Filter>
    <Filter Include="Resources">
      <UniqueIdentifier>{8735e812-6e23-4e6e-be61-0f818dda68f1}</UniqueIdentifier>
    </Filter>
    <Filter Include="Object\Rendering">
      <UniqueIdentifier>{35f9afd3-50dd-464b-8204-fd170fe16ae0}</UniqueIdentifier>
    </Filter>
    <Filter Include="Object\Collsion">
      <UniqueIdentifier>{1df5c811-5923-483c-9652-8b8f91f59b19}</UniqueIdentifier>
    </Filter>
    <Filter Include="Object\TileMap">
      <UniqueIdentifier>{9c523610-44e6-4a54-a667-f79c7e3dc408}</UniqueIdentifier>
    </Filter>
  </ItemGroup>
</Project>